
Microsoft Visual Studio Solution File, Format Version 12.00
# Visual Studio 15
VisualStudioVersion = 15.0.27703.2035
MinimumVisualStudioVersion = 10.0.40219.1
Project("{FAE04EC0-301F-11D3-BF4B-00C04F79EFBC}") = "WebApplication3", "WebApplication3\WebApplication3.csproj", "{A17EB047-5C55-4301-A1F6-AF2CB01C7020}"
EndProject
Global
	GlobalSection(SolutionConfigurationPlatforms) = preSolution
		Debug|Any CPU = Debug|Any CPU
		Release|Any CPU = Release|Any CPU
	EndGlobalSection
	GlobalSection(ProjectConfigurationPlatforms) = postSolution
		{A17EB047-5C55-4301-A1F6-AF2CB01C7020}.Debug|Any CPU.ActiveCfg = Debug|Any CPU
		{A17EB047-5C55-4301-A1F6-AF2CB01C7020}.Debug|Any CPU.Build.0 = Debug|Any CPU
		{A17EB047-5C55-4301-A1F6-AF2CB01C7020}.Release|Any CPU.ActiveCfg = Release|Any CPU
		{A17EB047-5C55-4301-A1F6-AF2CB01C7020}.Release|Any CPU.Build.0 = Release|Any CPU
	EndGlobalSection
	GlobalSection(SolutionProperties) = preSolution
		HideSolutionNode = FALSE
	EndGlobalSection
	GlobalSection(ExtensibilityGlobals) = postSolution
		SolutionGuid = {3EE4BCB5-2EFE-47C5-8445-E84C0EC429F5}
	EndGlobalSection
EndGlobal
